{
  "name": "@bemit/formanta-asset",
  "version": "0.1.0",
  "lockfileVersion": 1,
  "requires": true,
  "dependencies": {
    "@bemit/formantajs": {
      "version": "git+https://bitbucket.org/bemit_eu/formantajs.git#4b4876f8305bf9ae149f69a732598e2d00f81b00",
      "from": "git+https://bitbucket.org/bemit_eu/formantajs.git"
    },
    "@bemit/formantasass-core": {
      "version": "git+https://bitbucket.org/bemit_eu/formantasass-core.git#4d52323f2a6451522f0a8db21948e8a20eea79b2",
      "from": "git+https://bitbucket.org/bemit_eu/formantasass-core.git"
    },
    "normalize.css": {
      "version": "8.0.0",
      "resolved": "https://registry.npmjs.org/normalize.css/-/normalize.css-8.0.0.tgz",
      "integrity": "sha512-iXcbM3NWr0XkNyfiSBsoPezi+0V92P9nj84yVV1/UZxRUrGczgX/X91KMAGM0omWLY2+2Q1gKD/XRn4gQRDB2A=="
    }
  }
}
